
Microsoft Visual Studio Solution File, Format Version 12.00
# Visual Studio Version 16
VisualStudioVersion = 16.0.30907.101
MinimumVisualStudioVersion = 10.0.40219.1
Project("{FAE04EC0-301F-11D3-BF4B-00C04F79EFBC}") = "ClassMetotDemo", "ClassMetotDemo.csproj", "{DAC37E46-A636-417F-97F7-929EDF34D0DD}"
EndProject
Global
	GlobalSection(SolutionConfigurationPlatforms) = preSolution
		Debug|Any CPU = Debug|Any CPU
		Release|Any CPU = Release|Any CPU
	EndGlobalSection
	GlobalSection(ProjectConfigurationPlatforms) = postSolution
		{DAC37E46-A636-417F-97F7-929EDF34D0DD}.Debug|Any CPU.ActiveCfg = Debug|Any CPU
		{DAC37E46-A636-417F-97F7-929EDF34D0DD}.Debug|Any CPU.Build.0 = Debug|Any CPU
		{DAC37E46-A636-417F-97F7-929EDF34D0DD}.Release|Any CPU.ActiveCfg = Release|Any CPU
		{DAC37E46-A636-417F-97F7-929EDF34D0DD}.Release|Any CPU.Build.0 = Release|Any CPU
	EndGlobalSection
	GlobalSection(SolutionProperties) = preSolution
		HideSolutionNode = FALSE
	EndGlobalSection
	GlobalSection(ExtensibilityGlobals) = postSolution
		SolutionGuid = {C4E4140F-39EE-4A9C-9155-63C467CFFBBE}
	EndGlobalSection
EndGlobal
